
Microsoft Visual Studio Solution File, Format Version 12.00
# Visual Studio Version 16
VisualStudioVersion = 16.0.30330.147
MinimumVisualStudioVersion = 10.0.40219.1
Project("{8BC9CEB8-8B4A-11D0-8D11-00A0C91BC942}") = "Multiplication table", "Multiplication table\Multiplication table.vcxproj", "{B5DB6463-07BE-45F0-A70F-425A551EF8DE}"
EndProject
Global
	GlobalSection(SolutionConfigurationPlatforms) = preSolution
		Debug|x64 = Debug|x64
		Debug|x86 = Debug|x86
		Release|x64 = Release|x64
		Release|x86 = Release|x86
	EndGlobalSection
	GlobalSection(ProjectConfigurationPlatforms) = postSolution
		{B5DB6463-07BE-45F0-A70F-425A551EF8DE}.Debug|x64.ActiveCfg = Debug|x64
		{B5DB6463-07BE-45F0-A70F-425A551EF8DE}.Debug|x64.Build.0 = Debug|x64
		{B5DB6463-07BE-45F0-A70F-425A551EF8DE}.Debug|x86.ActiveCfg = Debug|Win32
		{B5DB6463-07BE-45F0-A70F-425A551EF8DE}.Debug|x86.Build.0 = Debug|Win32
		{B5DB6463-07BE-45F0-A70F-425A551EF8DE}.Release|x64.ActiveCfg = Release|x64
		{B5DB6463-07BE-45F0-A70F-425A551EF8DE}.Release|x64.Build.0 = Release|x64
		{B5DB6463-07BE-45F0-A70F-425A551EF8DE}.Release|x86.ActiveCfg = Release|Win32
		{B5DB6463-07BE-45F0-A70F-425A551EF8DE}.Release|x86.Build.0 = Release|Win32
	EndGlobalSection
	GlobalSection(SolutionProperties) = preSolution
		HideSolutionNode = FALSE
	EndGlobalSection
	GlobalSection(ExtensibilityGlobals) = postSolution
		SolutionGuid = {689D0C2A-2AB1-49F5-A7E7-A4ED8216E3DA}
	EndGlobalSection
EndGlobal
